github.com/teamswyg/riido-contracts v0.3.7-0.20260617073424-ceaae9d2dc4f h1:UdrK+wTKD4yxM1tyhcAyZPgiKqOrWalaCRqc7NQPaqk=
github.com/teamswyg/riido-contracts v0.3.7-0.20260617073424-ceaae9d2dc4f/go.mod h1:E5jCTyS8E3DRpujkBn9kU1B+OImVDa/3T1rmxZmWRpA=
github.com/teamswyg/riido-contracts v0.3.7-0.20260617084319-9778cd6c5011 h1:8WXUZfGgukyQ5DlofNV4LRiiREcC4r3gS4x7+n6tLFE=
github.com/teamswyg/riido-contracts v0.3.7-0.20260617084319-9778cd6c5011/go.mod h1:E5jCTyS8E3DRpujkBn9kU1B+OImVDa/3T1rmxZmWRpA=
github.com/teamswyg/riido-contracts v0.3.7-0.20260617130655-3e3ad0487c69 h1:QKKAZ7thHYRlKTWAlHIVufB1uTuMlpH4GNTjgUNMQeg=
github.com/teamswyg/riido-contracts v0.3.7-0.20260617130655-3e3ad0487c69/go.mod h1:E5jCTyS8E3DRpujkBn9kU1B+OImVDa/3T1rmxZmWRpA=
